// !$*UTF8*$!
{
	archiveVersion = 1;
	classes = {
	};
	objectVersion = 46;
	objects = {

/* Begin PBXBuildFile section */
		0314637B1762F675007B075B /* ChannelTimeData.m in Sources */ = {isa = PBXBuildFile; fileRef = 0314637A1762F675007B075B /* ChannelTimeData.m */; };
		0314637E1762F685007B075B /* SourceTimeData.m in Sources */ = {isa = PBXBuildFile; fileRef = 0314637D1762F685007B075B /* SourceTimeData.m */; };
		031463801765ADDD007B075B /* stop.png in Resources */ = {isa = PBXBuildFile; fileRef = 0314637F1765ADDD007B075B /* stop.png */; };
		031463821765AF7E007B075B /* plus.png in Resources */ = {isa = PBXBuildFile; fileRef = 031463811765AF7E007B075B /* plus.png */; };
		031463861765B1D5007B075B /* minus.png in Resources */ = {isa = PBXBuildFile; fileRef = 031463851765B1D4007B075B /* minus.png */; };
		031463891765B277007B075B /* Data-Zoom-in-icon.png in Resources */ = {isa = PBXBuildFile; fileRef = 031463871765B277007B075B /* Data-Zoom-in-icon.png */; };
		0314638A1765B277007B075B /* Data-Zoom-out-icon.png in Resources */ = {isa = PBXBuildFile; fileRef = 031463881765B277007B075B /* Data-Zoom-out-icon.png */; };
		0320251A176FC3E600BC7020 /* GraphSettingView.xib in Resources */ = {isa = PBXBuildFile; fileRef = 03202519176FC3E500BC7020 /* GraphSettingView.xib */; };
		0320251D176FC44000BC7020 /* GraphSettingController.m in Sources */ = {isa = PBXBuildFile; fileRef = 0320251C176FC43F00BC7020 /* GraphSettingController.m */; };
		032CEB3716FFCFE200F3DFE2 /* GraphViewController.m in Sources */ = {isa = PBXBuildFile; fileRef = 032CEB3616FFCFE200F3DFE2 /* GraphViewController.m */; };
		036723C116D181D9004F14D6 /* Cocoa.framework in Frameworks */ = {isa = PBXBuildFile; fileRef = 036723C016D181D9004F14D6 /* Cocoa.framework */; };
		036723CB16D181D9004F14D6 /* InfoPlist.strings in Resources */ = {isa = PBXBuildFile; fileRef = 036723C916D181D9004F14D6 /* InfoPlist.strings */; };
		036723CD16D181D9004F14D6 /* main.m in Sources */ = {isa = PBXBuildFile; fileRef = 036723CC16D181D9004F14D6 /* main.m */; };
		036723D116D181D9004F14D6 /* Credits.rtf in Resources */ = {isa = PBXBuildFile; fileRef = 036723CF16D181D9004F14D6 /* Credits.rtf */; };
		036723D416D181D9004F14D6 /* AppDelegate.m in Sources */ = {isa = PBXBuildFile; fileRef = 036723D316D181D9004F14D6 /* AppDelegate.m */; };
		036723D716D181DA004F14D6 /* MainMenu.xib in Resources */ = {isa = PBXBuildFile; fileRef = 036723D516D181DA004F14D6 /* MainMenu.xib */; };
		036723DF16D18265004F14D6 /* DataManager.m in Sources */ = {isa = PBXBuildFile; fileRef = 036723DE16D18265004F14D6 /* DataManager.m */; };
		036723E116D18445004F14D6 /* QTKit.framework in Frameworks */ = {isa = PBXBuildFile; fileRef = 036723E016D18445004F14D6 /* QTKit.framework */; };
		0379841A176A8994000CFBEE /* GraphController.xib in Resources */ = {isa = PBXBuildFile; fileRef = 03798419176A8994000CFBEE /* GraphController.xib */; };
		038A62D416FD4CCB00E91A65 /* annotation.png in Resources */ = {isa = PBXBuildFile; fileRef = 038A62D216FD4CCB00E91A65 /* annotation.png */; };
		038A62D516FD4CCB00E91A65 /* sync.png in Resources */ = {isa = PBXBuildFile; fileRef = 038A62D316FD4CCB00E91A65 /* sync.png */; };
		038E9D1C177932E400ACE963 /* ColorCellView.m in Sources */ = {isa = PBXBuildFile; fileRef = 038E9D1B177932E400ACE963 /* ColorCellView.m */; };
		03B663F216FD84C600781105 /* backward.png in Resources */ = {isa = PBXBuildFile; fileRef = 03B663EF16FD84C600781105 /* backward.png */; };
		03B663F316FD84C600781105 /* ff.png in Resources */ = {isa = PBXBuildFile; fileRef = 03B663F016FD84C600781105 /* ff.png */; };
		03B663F416FD84C600781105 /* play.png in Resources */ = {isa = PBXBuildFile; fileRef = 03B663F116FD84C600781105 /* play.png */; };
		03E9086E17715ABA0078BA59 /* BehaviorSettingView.xib in Resources */ = {isa = PBXBuildFile; fileRef = 03E9086D17715ABA0078BA59 /* BehaviorSettingView.xib */; };
		03E908711771781B0078BA59 /* BehaviorSettingController.m in Sources */ = {isa = PBXBuildFile; fileRef = 03E908701771781B0078BA59 /* BehaviorSettingController.m */; };
		03E90875177418180078BA59 /* AnnotView.xib in Resources */ = {isa = PBXBuildFile; fileRef = 03E90874177418180078BA59 /* AnnotView.xib */; };
		03E90878177418240078BA59 /* AnnotViewController.m in Sources */ = {isa = PBXBuildFile; fileRef = 03E90877177418240078BA59 /* AnnotViewController.m */; };
		B225C4E816FBC2BA00D3C036 /* TempGraphViewController.m in Sources */ = {isa = PBXBuildFile; fileRef = B225C4E716FBC2BA00D3C036 /* TempGraphViewController.m */; };
		B225C4EB16FBC4E400D3C036 /* AccelGraphViewController.m in Sources */ = {isa = PBXBuildFile; fileRef = B225C4EA16FBC4E400D3C036 /* AccelGraphViewController.m */; };
		B22980B6176E6F6D004C2115 /* TableView.xib in Resources */ = {isa = PBXBuildFile; fileRef = B22980B5176E6F6D004C2115 /* TableView.xib */; };
		B22980B9176E6F7B004C2115 /* TableViewController.m in Sources */ = {isa = PBXBuildFile; fileRef = B22980B8176E6F7B004C2115 /* TableViewController.m */; };
		B25CBBE916D1DDE100626FA9 /* DataAddController.m in Sources */ = {isa = PBXBuildFile; fileRef = B25CBBE816D1DDE100626FA9 /* DataAddController.m */; };
		B26BF280176182EE009BCC7D /* BedaController.m in Sources */ = {isa = PBXBuildFile; fileRef = B26BF27F176182EE009BCC7D /* BedaController.m */; };
		B26BF28317618336009BCC7D /* Source.m in Sources */ = {isa = PBXBuildFile; fileRef = B26BF28217618336009BCC7D /* Source.m */; };
		B26BF28617618344009BCC7D /* Channel.m in Sources */ = {isa = PBXBuildFile; fileRef = B26BF28517618344009BCC7D /* Channel.m */; };
		B26BF2891761835F009BCC7D /* Viewer.m in Sources */ = {isa = PBXBuildFile; fileRef = B26BF2881761835F009BCC7D /* Viewer.m */; };
		B26BF28E176196BD009BCC7D /* SourceMovie.m in Sources */ = {isa = PBXBuildFile; fileRef = B26BF28D176196BD009BCC7D /* SourceMovie.m */; };
		B26BF291176196CC009BCC7D /* ChannelMovie.m in Sources */ = {isa = PBXBuildFile; fileRef = B26BF290176196CC009BCC7D /* ChannelMovie.m */; };
		B27C396B17715FB30025188F /* AnnotationBehavior.m in Sources */ = {isa = PBXBuildFile; fileRef = B27C396A17715FB30025188F /* AnnotationBehavior.m */; };
		B27C396E17715FC50025188F /* AnnotationManager.m in Sources */ = {isa = PBXBuildFile; fileRef = B27C396D17715FC50025188F /* AnnotationManager.m */; };
		B28D32D716D206E000D58ADA /* CorePlot.framework in Frameworks */ = {isa = PBXBuildFile; fileRef = B28D32D616D206E000D58ADA /* CorePlot.framework */; };
		B28D32DB16D20DB500D58ADA /* EDAGraphViewController.m in Sources */ = {isa = PBXBuildFile; fileRef = B28D32DA16D20DB500D58ADA /* EDAGraphViewController.m */; };
		B299F6BC176AE8E6004BCD35 /* ProjectManager.m in Sources */ = {isa = PBXBuildFile; fileRef = B299F6BB176AE8E6004BCD35 /* ProjectManager.m */; };
		B2B7E9CC176AA4A900190941 /* GraphWindowController.m in Sources */ = {isa = PBXBuildFile; fileRef = B2B7E9CB176AA4A900190941 /* GraphWindowController.m */; };
/* End PBXBuildFile section */

/* Begin PBXFileReference section */
		031463791762F675007B075B /* ChannelTimeData.h */ = {isa = PBXFileReference; fileEncoding = 4; lastKnownFileType = sourcecode.c.h; path = ChannelTimeData.h; sourceTree = "<group>"; };
		0314637A1762F675007B075B /* ChannelTimeData.m */ = {isa = PBXFileReference; fileEncoding = 4; lastKnownFileType = sourcecode.c.objc; path = ChannelTimeData.m; sourceTree = "<group>"; };
		0314637C1762F685007B075B /* SourceTimeData.h */ = {isa = PBXFileReference; fileEncoding = 4; lastKnownFileType = sourcecode.c.h; path = SourceTimeData.h; sourceTree = "<group>"; };
		0314637D1762F685007B075B /* SourceTimeData.m */ = {isa = PBXFileReference; fileEncoding = 4; lastKnownFileType = sourcecode.c.objc; path = SourceTimeData.m; sourceTree = "<group>"; };
		0314637F1765ADDD007B075B /* stop.png */ = {isa = PBXFileReference; lastKnownFileType = image.png; path = stop.png; sourceTree = "<group>"; };
		031463811765AF7E007B075B /* plus.png */ = {isa = PBXFileReference; lastKnownFileType = image.png; path = plus.png; sourceTree = "<group>"; };
		031463851765B1D4007B075B /* minus.png */ = {isa = PBXFileReference; lastKnownFileType = image.png; path = minus.png; sourceTree = "<group>"; };
		031463871765B277007B075B /* Data-Zoom-in-icon.png */ = {isa = PBXFileReference; lastKnownFileType = image.png; path = "Data-Zoom-in-icon.png"; sourceTree = "<group>"; };
		031463881765B277007B075B /* Data-Zoom-out-icon.png */ = {isa = PBXFileReference; lastKnownFileType = image.png; path = "Data-Zoom-out-icon.png"; sourceTree = "<group>"; };
		03202519176FC3E500BC7020 /* GraphSettingView.xib */ = {isa = PBXFileReference; fileEncoding = 4; lastKnownFileType = file.xib; path = GraphSettingView.xib; sourceTree = "<group>"; };
		0320251B176FC43F00BC7020 /* GraphSettingController.h */ = {isa = PBXFileReference; fileEncoding = 4; lastKnownFileType = sourcecode.c.h; path = GraphSettingController.h; sourceTree = "<group>"; };
		0320251C176FC43F00BC7020 /* GraphSettingController.m */ = {isa = PBXFileReference; fileEncoding = 4; lastKnownFileType = sourcecode.c.objc; path = GraphSettingController.m; sourceTree = "<group>"; };
		032CEB3516FFCFE200F3DFE2 /* GraphViewController.h */ = {isa = PBXFileReference; fileEncoding = 4; lastKnownFileType = sourcecode.c.h; path = GraphViewController.h; sourceTree = "<group>"; };
		032CEB3616FFCFE200F3DFE2 /* GraphViewController.m */ = {isa = PBXFileReference; fileEncoding = 4; lastKnownFileType = sourcecode.c.objc; path = GraphViewController.m; sourceTree = "<group>"; };
		036723BD16D181D9004F14D6 /* BEDA.app */ = {isa = PBXFileReference; explicitFileType = wrapper.application; includeInIndex = 0; path = BEDA.app; sourceTree = BUILT_PRODUCTS_DIR; };
		036723C016D181D9004F14D6 /* Cocoa.framework */ = {isa = PBXFileReference; lastKnownFileType = wrapper.framework; name = Cocoa.framework; path = System/Library/Frameworks/Cocoa.framework; sourceTree = SDKROOT; };
		036723C316D181D9004F14D6 /* AppKit.framework */ = {isa = PBXFileReference; lastKnownFileType = wrapper.framework; name = AppKit.framework; path = System/Library/Frameworks/AppKit.framework; sourceTree = SDKROOT; };
		036723C416D181D9004F14D6 /* CoreData.framework */ = {isa = PBXFileReference; lastKnownFileType = wrapper.framework; name = CoreData.framework; path = System/Library/Frameworks/CoreData.framework; sourceTree = SDKROOT; };
		036723C516D181D9004F14D6 /* Foundation.framework */ = {isa = PBXFileReference; lastKnownFileType = wrapper.framework; name = Foundation.framework; path = System/Library/Frameworks/Foundation.framework; sourceTree = SDKROOT; };
		036723C816D181D9004F14D6 /* BEDA-Info.plist */ = {isa = PBXFileReference; lastKnownFileType = text.plist.xml; path = "BEDA-Info.plist"; sourceTree = "<group>"; };
		036723CA16D181D9004F14D6 /* en */ = {isa = PBXFileReference; lastKnownFileType = text.plist.strings; name = en; path = en.lproj/InfoPlist.strings; sourceTree = "<group>"; };
		036723CC16D181D9004F14D6 /* main.m */ = {isa = PBXFileReference; lastKnownFileType = sourcecode.c.objc; path = main.m; sourceTree = "<group>"; };
		036723CE16D181D9004F14D6 /* BEDA-Prefix.pch */ = {isa = PBXFileReference; lastKnownFileType = sourcecode.c.h; path = "BEDA-Prefix.pch"; sourceTree = "<group>"; };
		036723D016D181D9004F14D6 /* en */ = {isa = PBXFileReference; lastKnownFileType = text.rtf; name = en; path = en.lproj/Credits.rtf; sourceTree = "<group>"; };
		036723D216D181D9004F14D6 /* AppDelegate.h */ = {isa = PBXFileReference; lastKnownFileType = sourcecode.c.h; path = AppDelegate.h; sourceTree = "<group>"; };
		036723D316D181D9004F14D6 /* AppDelegate.m */ = {isa = PBXFileReference; lastKnownFileType = sourcecode.c.objc; path = AppDelegate.m; sourceTree = "<group>"; };
		036723D616D181DA004F14D6 /* en */ = {isa = PBXFileReference; lastKnownFileType = file.xib; name = en; path = en.lproj/MainMenu.xib; sourceTree = "<group>"; };
		036723DD16D18265004F14D6 /* DataManager.h */ = {isa = PBXFileReference; fileEncoding = 4; lastKnownFileType = sourcecode.c.h; path = DataManager.h; sourceTree = "<group>"; };
		036723DE16D18265004F14D6 /* DataManager.m */ = {isa = PBXFileReference; fileEncoding = 4; lastKnownFileType = sourcecode.c.objc; path = DataManager.m; sourceTree = "<group>"; };
		036723E016D18445004F14D6 /* QTKit.framework */ = {isa = PBXFileReference; lastKnownFileType = wrapper.framework; name = QTKit.framework; path = System/Library/Frameworks/QTKit.framework; sourceTree = SDKROOT; };
		03798419176A8994000CFBEE /* GraphController.xib */ = {isa = PBXFileReference; fileEncoding = 4; lastKnownFileType = file.xib; path = GraphController.xib; sourceTree = "<group>"; };
		038A62D216FD4CCB00E91A65 /* annotation.png */ = {isa = PBXFileReference; lastKnownFileType = image.png; path = annotation.png; sourceTree = "<group>"; };
		038A62D316FD4CCB00E91A65 /* sync.png */ = {isa = PBXFileReference; lastKnownFileType = image.png; path = sync.png; sourceTree = "<group>"; };
		038E9D1A177932E400ACE963 /* ColorCellView.h */ = {isa = PBXFileReference; fileEncoding = 4; lastKnownFileType = sourcecode.c.h; path = ColorCellView.h; sourceTree = "<group>"; };
		038E9D1B177932E400ACE963 /* ColorCellView.m */ = {isa = PBXFileReference; fileEncoding = 4; lastKnownFileType = sourcecode.c.objc; path = ColorCellView.m; sourceTree = "<group>"; };
		03B663EF16FD84C600781105 /* backward.png */ = {isa = PBXFileReference; lastKnownFileType = image.png; path = backward.png; sourceTree = "<group>"; };
		03B663F016FD84C600781105 /* ff.png */ = {isa = PBXFileReference; lastKnownFileType = image.png; path = ff.png; sourceTree = "<group>"; };
		03B663F116FD84C600781105 /* play.png */ = {isa = PBXFileReference; lastKnownFileType = image.png; path = play.png; sourceTree = "<group>"; };
		03E9086D17715ABA0078BA59 /* BehaviorSettingView.xib */ = {isa = PBXFileReference; fileEncoding = 4; lastKnownFileType = file.xib; path = BehaviorSettingView.xib; sourceTree = "<group>"; };
		03E9086F1771781B0078BA59 /* BehaviorSettingController.h */ = {isa = PBXFileReference; fileEncoding = 4; lastKnownFileType = sourcecode.c.h; path = BehaviorSettingController.h; sourceTree = "<group>"; };
		03E908701771781B0078BA59 /* BehaviorSettingController.m */ = {isa = PBXFileReference; fileEncoding = 4; lastKnownFileType = sourcecode.c.objc; path = BehaviorSettingController.m; sourceTree = "<group>"; };
		03E90874177418180078BA59 /* AnnotView.xib */ = {isa = PBXFileReference; fileEncoding = 4; lastKnownFileType = file.xib; path = AnnotView.xib; sourceTree = "<group>"; };
		03E90876177418240078BA59 /* AnnotViewController.h */ = {isa = PBXFileReference; fileEncoding = 4; lastKnownFileType = sourcecode.c.h; path = AnnotViewController.h; sourceTree = "<group>"; };
		03E90877177418240078BA59 /* AnnotViewController.m */ = {isa = PBXFileReference; fileEncoding = 4; lastKnownFileType = sourcecode.c.objc; path = AnnotViewController.m; sourceTree = "<group>"; };
		B225C4E616FBC2BA00D3C036 /* TempGraphViewController.h */ = {isa = PBXFileReference; fileEncoding = 4; lastKnownFileType = sourcecode.c.h; path = TempGraphViewController.h; sourceTree = "<group>"; };
		B225C4E716FBC2BA00D3C036 /* TempGraphViewController.m */ = {isa = PBXFileReference; fileEncoding = 4; lastKnownFileType = sourcecode.c.objc; path = TempGraphViewController.m; sourceTree = "<group>"; };
		B225C4E916FBC4E400D3C036 /* AccelGraphViewController.h */ = {isa = PBXFileReference; fileEncoding = 4; lastKnownFileType = sourcecode.c.h; path = AccelGraphViewController.h; sourceTree = "<group>"; };
		B225C4EA16FBC4E400D3C036 /* AccelGraphViewController.m */ = {isa = PBXFileReference; fileEncoding = 4; lastKnownFileType = sourcecode.c.objc; path = AccelGraphViewController.m; sourceTree = "<group>"; };
		B22980B5176E6F6D004C2115 /* TableView.xib */ = {isa = PBXFileReference; fileEncoding = 4; lastKnownFileType = file.xib; path = TableView.xib; sourceTree = "<group>"; };
		B22980B7176E6F7B004C2115 /* TableViewController.h */ = {isa = PBXFileReference; fileEncoding = 4; lastKnownFileType = sourcecode.c.h; path = TableViewController.h; sourceTree = "<group>"; };
		B22980B8176E6F7B004C2115 /* TableViewController.m */ = {isa = PBXFileReference; fileEncoding = 4; lastKnownFileType = sourcecode.c.objc; path = TableViewController.m; sourceTree = "<group>"; };
		B25CBBE716D1DDE100626FA9 /* DataAddController.h */ = {isa = PBXFileReference; fileEncoding = 4; lastKnownFileType = sourcecode.c.h; path = DataAddController.h; sourceTree = "<group>"; };
		B25CBBE816D1DDE100626FA9 /* DataAddController.m */ = {isa = PBXFileReference; fileEncoding = 4; lastKnownFileType = sourcecode.c.objc; path = DataAddController.m; sourceTree = "<group>"; };
		B26BF27E176182EE009BCC7D /* BedaController.h */ = {isa = PBXFileReference; fileEncoding = 4; lastKnownFileType = sourcecode.c.h; path = BedaController.h; sourceTree = "<group>"; };
		B26BF27F176182EE009BCC7D /* BedaController.m */ = {isa = PBXFileReference; fileEncoding = 4; lastKnownFileType = sourcecode.c.objc; path = BedaController.m; sourceTree = "<group>"; };
		B26BF28117618336009BCC7D /* Source.h */ = {isa = PBXFileReference; fileEncoding = 4; lastKnownFileType = sourcecode.c.h; path = Source.h; sourceTree = "<group>"; };
		B26BF28217618336009BCC7D /* Source.m */ = {isa = PBXFileReference; fileEncoding = 4; lastKnownFileType = sourcecode.c.objc; path = Source.m; sourceTree = "<group>"; };
		B26BF28417618344009BCC7D /* Channel.h */ = {isa = PBXFileReference; fileEncoding = 4; lastKnownFileType = sourcecode.c.h; path = Channel.h; sourceTree = "<group>"; };
		B26BF28517618344009BCC7D /* Channel.m */ = {isa = PBXFileReference; fileEncoding = 4; lastKnownFileType = sourcecode.c.objc; path = Channel.m; sourceTree = "<group>"; };
		B26BF2871761835F009BCC7D /* Viewer.h */ = {isa = PBXFileReference; fileEncoding = 4; lastKnownFileType = sourcecode.c.h; path = Viewer.h; sourceTree = "<group>"; };
		B26BF2881761835F009BCC7D /* Viewer.m */ = {isa = PBXFileReference; fileEncoding = 4; lastKnownFileType = sourcecode.c.objc; path = Viewer.m; sourceTree = "<group>"; };
		B26BF28C176196BD009BCC7D /* SourceMovie.h */ = {isa = PBXFileReference; fileEncoding = 4; lastKnownFileType = sourcecode.c.h; path = SourceMovie.h; sourceTree = "<group>"; };
		B26BF28D176196BD009BCC7D /* SourceMovie.m */ = {isa = PBXFileReference; fileEncoding = 4; lastKnownFileType = sourcecode.c.objc; path = SourceMovie.m; sourceTree = "<group>"; };
		B26BF28F176196CC009BCC7D /* ChannelMovie.h */ = {isa = PBXFileReference; fileEncoding = 4; lastKnownFileType = sourcecode.c.h; path = ChannelMovie.h; sourceTree = "<group>"; };
		B26BF290176196CC009BCC7D /* ChannelMovie.m */ = {isa = PBXFileReference; fileEncoding = 4; lastKnownFileType = sourcecode.c.objc; path = ChannelMovie.m; sourceTree = "<group>"; };
		B27C396917715FB30025188F /* AnnotationBehavior.h */ = {isa = PBXFileReference; fileEncoding = 4; lastKnownFileType = sourcecode.c.h; path = AnnotationBehavior.h; sourceTree = "<group>"; };
		B27C396A17715FB30025188F /* AnnotationBehavior.m */ = {isa = PBXFileReference; fileEncoding = 4; lastKnownFileType = sourcecode.c.objc; path = AnnotationBehavior.m; sourceTree = "<group>"; };
		B27C396C17715FC50025188F /* AnnotationManager.h */ = {isa = PBXFileReference; fileEncoding = 4; lastKnownFileType = sourcecode.c.h; path = AnnotationManager.h; sourceTree = "<group>"; };
		B27C396D17715FC50025188F /* AnnotationManager.m */ = {isa = PBXFileReference; fileEncoding = 4; lastKnownFileType = sourcecode.c.objc; path = AnnotationManager.m; sourceTree = "<group>"; };
		B28D32D616D206E000D58ADA /* CorePlot.framework */ = {isa = PBXFileReference; lastKnownFileType = wrapper.framework; path = CorePlot.framework; sourceTree = SOURCE_ROOT; };
		B28D32D916D20DB500D58ADA /* EDAGraphViewController.h */ = {isa = PBXFileReference; fileEncoding = 4; lastKnownFileType = sourcecode.c.h; path = EDAGraphViewController.h; sourceTree = "<group>"; };
		B28D32DA16D20DB500D58ADA /* EDAGraphViewController.m */ = {isa = PBXFileReference; fileEncoding = 4; lastKnownFileType = sourcecode.c.objc; path = EDAGraphViewController.m; sourceTree = "<group>"; };
		B299F6BA176AE8E6004BCD35 /* ProjectManager.h */ = {isa = PBXFileReference; fileEncoding = 4; lastKnownFileType = sourcecode.c.h; path = ProjectManager.h; sourceTree = "<group>"; };
		B299F6BB176AE8E6004BCD35 /* ProjectManager.m */ = {isa = PBXFileReference; fileEncoding = 4; lastKnownFileType = sourcecode.c.objc; path = ProjectManager.m; sourceTree = "<group>"; };
		B2B7E9CA176AA4A900190941 /* GraphWindowController.h */ = {isa = PBXFileReference; fileEncoding = 4; lastKnownFileType = sourcecode.c.h; path = GraphWindowController.h; sourceTree = "<group>"; };
		B2B7E9CB176AA4A900190941 /* GraphWindowController.m */ = {isa = PBXFileReference; fileEncoding = 4; lastKnownFileType = sourcecode.c.objc; path = GraphWindowController.m; sourceTree = "<group>"; };
/* End PBXFileReference section */

/* Begin PBXFrameworksBuildPhase section */
		036723BA16D181D8004F14D6 /* Frameworks */ = {
			isa = PBXFrameworksBuildPhase;
			buildActionMask = 2147483647;
			files = (
				036723E116D18445004F14D6 /* QTKit.framework in Frameworks */,
				036723C116D181D9004F14D6 /* Cocoa.framework in Frameworks */,
				B28D32D716D206E000D58ADA /* CorePlot.framework in Frameworks */,
			);
			runOnlyForDeploymentPostprocessing = 0;
		};
/* End PBXFrameworksBuildPhase section */

/* Begin PBXGroup section */
		031463781762F62F007B075B /* TimeData */ = {
			isa = PBXGroup;
			children = (
				031463791762F675007B075B /* ChannelTimeData.h */,
				0314637A1762F675007B075B /* ChannelTimeData.m */,
				03E90874177418180078BA59 /* AnnotView.xib */,
				03E90876177418240078BA59 /* AnnotViewController.h */,
				03E90877177418240078BA59 /* AnnotViewController.m */,
				0314637C1762F685007B075B /* SourceTimeData.h */,
				0314637D1762F685007B075B /* SourceTimeData.m */,
			);
			name = TimeData;
			sourceTree = "<group>";
		};
		036723B416D181D8004F14D6 = {
			isa = PBXGroup;
			children = (
				036723C616D181D9004F14D6 /* BEDA */,
				036723BF16D181D9004F14D6 /* Frameworks */,
				036723BE16D181D9004F14D6 /* Products */,
			);
			sourceTree = "<group>";
		};
		036723BE16D181D9004F14D6 /* Products */ = {
			isa = PBXGroup;
			children = (
				036723BD16D181D9004F14D6 /* BEDA.app */,
			);
			name = Products;
			sourceTree = "<group>";
		};
		036723BF16D181D9004F14D6 /* Frameworks */ = {
			isa = PBXGroup;
			children = (
				B28D32D616D206E000D58ADA /* CorePlot.framework */,
				036723C016D181D9004F14D6 /* Cocoa.framework */,
				036723E016D18445004F14D6 /* QTKit.framework */,
				036723C216D181D9004F14D6 /* Other Frameworks */,
			);
			name = Frameworks;
			sourceTree = "<group>";
		};
		036723C216D181D9004F14D6 /* Other Frameworks */ = {
			isa = PBXGroup;
			children = (
				036723C316D181D9004F14D6 /* AppKit.framework */,
				036723C416D181D9004F14D6 /* CoreData.framework */,
				036723C516D181D9004F14D6 /* Foundation.framework */,
			);
			name = "Other Frameworks";
			sourceTree = "<group>";
		};
		036723C616D181D9004F14D6 /* BEDA */ = {
			isa = PBXGroup;
			children = (
				B26BF27D176182B6009BCC7D /* AppController */,
				B27C396817715F340025188F /* Annotation */,
				B26BF28A176183C1009BCC7D /* Movie */,
				031463781762F62F007B075B /* TimeData */,
				B2B7E9C9176AA45100190941 /* GraphWindow */,
				B26BF28B176183D5009BCC7D /* Resources */,
				B28D32DC16D20DBB00D58ADA /* GraphView */,
				B25CBBE616D1DDBD00626FA9 /* Controller */,
				B25CBBE516D1DDB300626FA9 /* Data */,
				036723D216D181D9004F14D6 /* AppDelegate.h */,
				036723D316D181D9004F14D6 /* AppDelegate.m */,
				036723D516D181DA004F14D6 /* MainMenu.xib */,
				036723C716D181D9004F14D6 /* Supporting Files */,
			);
			path = BEDA;
			sourceTree = "<group>";
		};
		036723C716D181D9004F14D6 /* Supporting Files */ = {
			isa = PBXGroup;
			children = (
				036723C816D181D9004F14D6 /* BEDA-Info.plist */,
				036723C916D181D9004F14D6 /* InfoPlist.strings */,
				036723CC16D181D9004F14D6 /* main.m */,
				036723CE16D181D9004F14D6 /* BEDA-Prefix.pch */,
				036723CF16D181D9004F14D6 /* Credits.rtf */,
			);
			name = "Supporting Files";
			sourceTree = "<group>";
		};
		B25CBBE516D1DDB300626FA9 /* Data */ = {
			isa = PBXGroup;
			children = (
				036723DD16D18265004F14D6 /* DataManager.h */,
				036723DE16D18265004F14D6 /* DataManager.m */,
			);
			name = Data;
			sourceTree = "<group>";
		};
		B25CBBE616D1DDBD00626FA9 /* Controller */ = {
			isa = PBXGroup;
			children = (
				B25CBBE716D1DDE100626FA9 /* DataAddController.h */,
				B25CBBE816D1DDE100626FA9 /* DataAddController.m */,
			);
			name = Controller;
			sourceTree = "<group>";
		};
		B26BF27D176182B6009BCC7D /* AppController */ = {
			isa = PBXGroup;
			children = (
				B26BF27E176182EE009BCC7D /* BedaController.h */,
				B26BF27F176182EE009BCC7D /* BedaController.m */,
				B26BF28417618344009BCC7D /* Channel.h */,
				B26BF28517618344009BCC7D /* Channel.m */,
				B26BF28117618336009BCC7D /* Source.h */,
				B26BF28217618336009BCC7D /* Source.m */,
				B26BF2871761835F009BCC7D /* Viewer.h */,
				B26BF2881761835F009BCC7D /* Viewer.m */,
				B299F6BA176AE8E6004BCD35 /* ProjectManager.h */,
				B299F6BB176AE8E6004BCD35 /* ProjectManager.m */,
			);
			name = AppController;
			sourceTree = "<group>";
		};
		B26BF28A176183C1009BCC7D /* Movie */ = {
			isa = PBXGroup;
			children = (
				B26BF28F176196CC009BCC7D /* ChannelMovie.h */,
				B26BF290176196CC009BCC7D /* ChannelMovie.m */,
				B26BF28C176196BD009BCC7D /* SourceMovie.h */,
				B26BF28D176196BD009BCC7D /* SourceMovie.m */,
			);
			name = Movie;
			sourceTree = "<group>";
		};
		B26BF28B176183D5009BCC7D /* Resources */ = {
			isa = PBXGroup;
			children = (
				031463871765B277007B075B /* Data-Zoom-in-icon.png */,
				031463881765B277007B075B /* Data-Zoom-out-icon.png */,
				031463851765B1D4007B075B /* minus.png */,
				031463811765AF7E007B075B /* plus.png */,
				0314637F1765ADDD007B075B /* stop.png */,
				03B663EF16FD84C600781105 /* backward.png */,
				03B663F016FD84C600781105 /* ff.png */,
				03B663F116FD84C600781105 /* play.png */,
				038A62D216FD4CCB00E91A65 /* annotation.png */,
				038A62D316FD4CCB00E91A65 /* sync.png */,
			);
			name = Resources;
			sourceTree = "<group>";
		};
		B27C396817715F340025188F /* Annotation */ = {
			isa = PBXGroup;
			children = (
				B27C396917715FB30025188F /* AnnotationBehavior.h */,
				B27C396A17715FB30025188F /* AnnotationBehavior.m */,
				B27C396C17715FC50025188F /* AnnotationManager.h */,
				B27C396D17715FC50025188F /* AnnotationManager.m */,
			);
			name = Annotation;
			sourceTree = "<group>";
		};
		B28D32DC16D20DBB00D58ADA /* GraphView */ = {
			isa = PBXGroup;
			children = (
				B225C4E916FBC4E400D3C036 /* AccelGraphViewController.h */,
				B225C4EA16FBC4E400D3C036 /* AccelGraphViewController.m */,
				B225C4E616FBC2BA00D3C036 /* TempGraphViewController.h */,
				B225C4E716FBC2BA00D3C036 /* TempGraphViewController.m */,
				B28D32D916D20DB500D58ADA /* EDAGraphViewController.h */,
				B28D32DA16D20DB500D58ADA /* EDAGraphViewController.m */,
				032CEB3516FFCFE200F3DFE2 /* GraphViewController.h */,
				032CEB3616FFCFE200F3DFE2 /* GraphViewController.m */,
			);
			name = GraphView;
			sourceTree = "<group>";
		};
		B2B7E9C9176AA45100190941 /* GraphWindow */ = {
			isa = PBXGroup;
			children = (
				03798419176A8994000CFBEE /* GraphController.xib */,
				B2B7E9CA176AA4A900190941 /* GraphWindowController.h */,
				B2B7E9CB176AA4A900190941 /* GraphWindowController.m */,
				B22980B5176E6F6D004C2115 /* TableView.xib */,
				B22980B7176E6F7B004C2115 /* TableViewController.h */,
				B22980B8176E6F7B004C2115 /* TableViewController.m */,
				03202519176FC3E500BC7020 /* GraphSettingView.xib */,
				03E9086D17715ABA0078BA59 /* BehaviorSettingView.xib */,
				03E9086F1771781B0078BA59 /* BehaviorSettingController.h */,
				03E908701771781B0078BA59 /* BehaviorSettingController.m */,
				0320251B176FC43F00BC7020 /* GraphSettingController.h */,
				0320251C176FC43F00BC7020 /* GraphSettingController.m */,
				038E9D1A177932E400ACE963 /* ColorCellView.h */,
				038E9D1B177932E400ACE963 /* ColorCellView.m */,
			);
			name = GraphWindow;
			sourceTree = "<group>";
		};
/* End PBXGroup section */

/* Begin PBXNativeTarget section */
		036723BC16D181D8004F14D6 /* BEDA */ = {
			isa = PBXNativeTarget;
			buildConfigurationList = 036723DA16D181DA004F14D6 /* Build configuration list for PBXNativeTarget "BEDA" */;
			buildPhases = (
				036723B916D181D8004F14D6 /* Sources */,
				036723BA16D181D8004F14D6 /* Frameworks */,
				036723BB16D181D8004F14D6 /* Resources */,
			);
			buildRules = (
			);
			dependencies = (
			);
			name = BEDA;
			productName = BEDA;
			productReference = 036723BD16D181D9004F14D6 /* BEDA.app */;
			productType = "com.apple.product-type.application";
		};
/* End PBXNativeTarget section */

/* Begin PBXProject section */
		036723B516D181D8004F14D6 /* Project object */ = {
			isa = PBXProject;
			attributes = {
				LastUpgradeCheck = 0460;
				ORGANIZATIONNAME = "Jennifer Soft";
			};
			buildConfigurationList = 036723B816D181D8004F14D6 /* Build configuration list for PBXProject "BEDA" */;
			compatibilityVersion = "Xcode 3.2";
			developmentRegion = English;
			hasScannedForEncodings = 0;
			knownRegions = (
				en,
			);
			mainGroup = 036723B416D181D8004F14D6;
			productRefGroup = 036723BE16D181D9004F14D6 /* Products */;
			projectDirPath = "";
			projectRoot = "";
			targets = (
				036723BC16D181D8004F14D6 /* BEDA */,
			);
		};
/* End PBXProject section */

/* Begin PBXResourcesBuildPhase section */
		036723BB16D181D8004F14D6 /* Resources */ = {
			isa = PBXResourcesBuildPhase;
			buildActionMask = 2147483647;
			files = (
				036723CB16D181D9004F14D6 /* InfoPlist.strings in Resources */,
				036723D116D181D9004F14D6 /* Credits.rtf in Resources */,
				036723D716D181DA004F14D6 /* MainMenu.xib in Resources */,
				038A62D416FD4CCB00E91A65 /* annotation.png in Resources */,
				038A62D516FD4CCB00E91A65 /* sync.png in Resources */,
				03B663F216FD84C600781105 /* backward.png in Resources */,
				03B663F316FD84C600781105 /* ff.png in Resources */,
				03B663F416FD84C600781105 /* play.png in Resources */,
				031463801765ADDD007B075B /* stop.png in Resources */,
				031463821765AF7E007B075B /* plus.png in Resources */,
				031463861765B1D5007B075B /* minus.png in Resources */,
				031463891765B277007B075B /* Data-Zoom-in-icon.png in Resources */,
				0314638A1765B277007B075B /* Data-Zoom-out-icon.png in Resources */,
				0379841A176A8994000CFBEE /* GraphController.xib in Resources */,
				B22980B6176E6F6D004C2115 /* TableView.xib in Resources */,
				0320251A176FC3E600BC7020 /* GraphSettingView.xib in Resources */,
				03E9086E17715ABA0078BA59 /* BehaviorSettingView.xib in Resources */,
				03E90875177418180078BA59 /* AnnotView.xib in Resources */,
			);
			runOnlyForDeploymentPostprocessing = 0;
		};
/* End PBXResourcesBuildPhase section */

/* Begin PBXSourcesBuildPhase section */
		036723B916D181D8004F14D6 /* Sources */ = {
			isa = PBXSourcesBuildPhase;
			buildActionMask = 2147483647;
			files = (
				036723CD16D181D9004F14D6 /* main.m in Sources */,
				036723D416D181D9004F14D6 /* AppDelegate.m in Sources */,
				036723DF16D18265004F14D6 /* DataManager.m in Sources */,
				B25CBBE916D1DDE100626FA9 /* DataAddController.m in Sources */,
				B28D32DB16D20DB500D58ADA /* EDAGraphViewController.m in Sources */,
				B225C4E816FBC2BA00D3C036 /* TempGraphViewController.m in Sources */,
				B225C4EB16FBC4E400D3C036 /* AccelGraphViewController.m in Sources */,
				032CEB3716FFCFE200F3DFE2 /* GraphViewController.m in Sources */,
				B26BF280176182EE009BCC7D /* BedaController.m in Sources */,
				B26BF28317618336009BCC7D /* Source.m in Sources */,
				B26BF28617618344009BCC7D /* Channel.m in Sources */,
				B26BF2891761835F009BCC7D /* Viewer.m in Sources */,
				B26BF28E176196BD009BCC7D /* SourceMovie.m in Sources */,
				B26BF291176196CC009BCC7D /* ChannelMovie.m in Sources */,
				0314637B1762F675007B075B /* ChannelTimeData.m in Sources */,
				0314637E1762F685007B075B /* SourceTimeData.m in Sources */,
				B2B7E9CC176AA4A900190941 /* GraphWindowController.m in Sources */,
				B299F6BC176AE8E6004BCD35 /* ProjectManager.m in Sources */,
				B22980B9176E6F7B004C2115 /* TableViewController.m in Sources */,
				0320251D176FC44000BC7020 /* GraphSettingController.m in Sources */,
				03E908711771781B0078BA59 /* BehaviorSettingController.m in Sources */,
				B27C396B17715FB30025188F /* AnnotationBehavior.m in Sources */,
				B27C396E17715FC50025188F /* AnnotationManager.m in Sources */,
				03E90878177418240078BA59 /* AnnotViewController.m in Sources */,
				038E9D1C177932E400ACE963 /* ColorCellView.m in Sources */,
			);
			runOnlyForDeploymentPostprocessing = 0;
		};
/* End PBXSourcesBuildPhase section */

/* Begin PBXVariantGroup section */
		036723C916D181D9004F14D6 /* InfoPlist.strings */ = {
			isa = PBXVariantGroup;
			children = (
				036723CA16D181D9004F14D6 /* en */,
			);
			name = InfoPlist.strings;
			sourceTree = "<group>";
		};
		036723CF16D181D9004F14D6 /* Credits.rtf */ = {
			isa = PBXVariantGroup;
			children = (
				036723D016D181D9004F14D6 /* en */,
			);
			name = Credits.rtf;
			sourceTree = "<group>";
		};
		036723D516D181DA004F14D6 /* MainMenu.xib */ = {
			isa = PBXVariantGroup;
			children = (
				036723D616D181DA004F14D6 /* en */,
			);
			name = MainMenu.xib;
			sourceTree = "<group>";
		};
/* End PBXVariantGroup section */

/* Begin XCBuildConfiguration section */
		036723D816D181DA004F14D6 /* Debug */ = {
			isa = XCBuildConfiguration;
			buildSettings = {
				ALWAYS_SEARCH_USER_PATHS = NO;
				ARCHS = "$(ARCHS_STANDARD_64_BIT)";
				CLANG_CXX_LANGUAGE_STANDARD = "gnu++0x";
				CLANG_CXX_LIBRARY = "libc++";
				CLANG_ENABLE_OBJC_ARC = YES;
				CLANG_WARN_CONSTANT_CONVERSION = YES;
				CLANG_WARN_EMPTY_BODY = YES;
				CLANG_WARN_ENUM_CONVERSION = YES;
				CLANG_WARN_INT_CONVERSION = YES;
				CLANG_WARN__DUPLICATE_METHOD_MATCH = YES;
				COPY_PHASE_STRIP = NO;
				GCC_C_LANGUAGE_STANDARD = gnu99;
				GCC_DYNAMIC_NO_PIC = NO;
				GCC_ENABLE_OBJC_EXCEPTIONS = YES;
				GCC_OPTIMIZATION_LEVEL = 0;
				GCC_PREPROCESSOR_DEFINITIONS = (
					"DEBUG=1",
					"$(inherited)",
				);
				GCC_SYMBOLS_PRIVATE_EXTERN = NO;
				GCC_WARN_64_TO_32_BIT_CONVERSION = YES;
				GCC_WARN_ABOUT_RETURN_TYPE = YES;
				GCC_WARN_UNINITIALIZED_AUTOS = YES;
				GCC_WARN_UNUSED_VARIABLE = YES;
				MACOSX_DEPLOYMENT_TARGET = 10.8;
				ONLY_ACTIVE_ARCH = YES;
				SDKROOT = macosx;
			};
			name = Debug;
		};
		036723D916D181DA004F14D6 /* Release */ = {
			isa = XCBuildConfiguration;
			buildSettings = {
				ALWAYS_SEARCH_USER_PATHS = NO;
				ARCHS = "$(ARCHS_STANDARD_64_BIT)";
				CLANG_CXX_LANGUAGE_STANDARD = "gnu++0x";
				CLANG_CXX_LIBRARY = "libc++";
				CLANG_ENABLE_OBJC_ARC = YES;
				CLANG_WARN_CONSTANT_CONVERSION = YES;
				CLANG_WARN_EMPTY_BODY = YES;
				CLANG_WARN_ENUM_CONVERSION = YES;
				CLANG_WARN_INT_CONVERSION = YES;
				CLANG_WARN__DUPLICATE_METHOD_MATCH = YES;
				COPY_PHASE_STRIP = YES;
				DEBUG_INFORMATION_FORMAT = "dwarf-with-dsym";
				GCC_C_LANGUAGE_STANDARD = gnu99;
				GCC_ENABLE_OBJC_EXCEPTIONS = YES;
				GCC_WARN_64_TO_32_BIT_CONVERSION = YES;
				GCC_WARN_ABOUT_RETURN_TYPE = YES;
				GCC_WARN_UNINITIALIZED_AUTOS = YES;
				GCC_WARN_UNUSED_VARIABLE = YES;
				MACOSX_DEPLOYMENT_TARGET = 10.8;
				SDKROOT = macosx;
			};
			name = Release;
		};
		036723DB16D181DA004F14D6 /* Debug */ = {
			isa = XCBuildConfiguration;
			buildSettings = {
				CLANG_ENABLE_OBJC_ARC = NO;
				COMBINE_HIDPI_IMAGES = YES;
				FRAMEWORK_SEARCH_PATHS = (
					"$(inherited)",
					"\"$(SRCROOT)\"",
				);
				GCC_PRECOMPILE_PREFIX_HEADER = YES;
				GCC_PREFIX_HEADER = "BEDA/BEDA-Prefix.pch";
				INFOPLIST_FILE = "BEDA/BEDA-Info.plist";
				PRODUCT_NAME = "$(TARGET_NAME)";
				WRAPPER_EXTENSION = app;
			};
			name = Debug;
		};
		036723DC16D181DA004F14D6 /* Release */ = {
			isa = XCBuildConfiguration;
			buildSettings = {
				CLANG_ENABLE_OBJC_ARC = NO;
				COMBINE_HIDPI_IMAGES = YES;
				FRAMEWORK_SEARCH_PATHS = (
					"$(inherited)",
					"\"$(SRCROOT)\"",
				);
				GCC_PRECOMPILE_PREFIX_HEADER = YES;
				GCC_PREFIX_HEADER = "BEDA/BEDA-Prefix.pch";
				INFOPLIST_FILE = "BEDA/BEDA-Info.plist";
				PRODUCT_NAME = "$(TARGET_NAME)";
				WRAPPER_EXTENSION = app;
			};
			name = Release;
		};
/* End XCBuildConfiguration section */

/* Begin XCConfigurationList section */
		036723B816D181D8004F14D6 /* Build configuration list for PBXProject "BEDA" */ = {
			isa = XCConfigurationList;
			buildConfigurations = (
				036723D816D181DA004F14D6 /* Debug */,
				036723D916D181DA004F14D6 /* Release */,
			);
			defaultConfigurationIsVisible = 0;
			defaultConfigurationName = Release;
		};
		036723DA16D181DA004F14D6 /* Build configuration list for PBXNativeTarget "BEDA" */ = {
			isa = XCConfigurationList;
			buildConfigurations = (
				036723DB16D181DA004F14D6 /* Debug */,
				036723DC16D181DA004F14D6 /* Release */,
			);
			defaultConfigurationIsVisible = 0;
			defaultConfigurationName = Release;
		};
/* End XCConfigurationList section */
	};
	rootObject = 036723B516D181D8004F14D6 /* Project object */;
}
